# @generated - this file is auto-generated by `mise lock` https://mise.jdx.dev/dev-tools/mise-lock.html

[[tools.cargo-dist]]
version = "0.32.0"
backend = "aqua:axodotdev/cargo-dist"

[tools.cargo-dist."platforms.linux-arm64"]
checksum = "sha256:16d4394af9b91366ca92cb4601a72dd0a209a49301ef535749e2141039e26ed6"
url = "https://github.com/axodotdev/cargo-dist/releases/download/v0.32.0/cargo-dist-aarch64-unknown-linux-musl.tar.xz"
url_api = "https://api.github.com/repos/axodotdev/cargo-dist/releases/assets/426804445"
provenance = "github-attestations"

[tools.cargo-dist."platforms.linux-arm64-musl"]
checksum = "sha256:16d4394af9b91366ca92cb4601a72dd0a209a49301ef535749e2141039e26ed6"
url = "https://github.com/axodotdev/cargo-dist/releases/download/v0.32.0/cargo-dist-aarch64-unknown-linux-musl.tar.xz"
url_api = "https://api.github.com/repos/axodotdev/cargo-dist/releases/assets/426804445"
provenance = "github-attestations"

[tools.cargo-dist."platforms.linux-x64"]
checksum = "sha256:eb52f9fae0d0506774e9f1801c1168f87fa2c87a45e2d64d3ae7c89401929946"
url = "https://github.com/axodotdev/cargo-dist/releases/download/v0.32.0/cargo-dist-x86_64-unknown-linux-gnu.tar.xz"
url_api = "https://api.github.com/repos/axodotdev/cargo-dist/releases/assets/426804471"
provenance = "github-attestations"

[tools.cargo-dist."platforms.linux-x64-musl"]
checksum = "sha256:0d9dc001b0e937e9cc18e0dc11784aa7a3fd566656b07828d5e1d10ce1c1c48c"
url = "https://github.com/axodotdev/cargo-dist/releases/download/v0.32.0/cargo-dist-x86_64-unknown-linux-musl.tar.xz"
url_api = "https://api.github.com/repos/axodotdev/cargo-dist/releases/assets/426804479"
provenance = "github-attestations"

[tools.cargo-dist."platforms.macos-arm64"]
checksum = "sha256:aa343b2ff78ec2981f17a65140250c5ad6062c74072163f68c5c2686d94763a7"
url = "https://github.com/axodotdev/cargo-dist/releases/download/v0.32.0/cargo-dist-aarch64-apple-darwin.tar.xz"
url_api = "https://api.github.com/repos/axodotdev/cargo-dist/releases/assets/426804448"
provenance = "github-attestations"

[tools.cargo-dist."platforms.macos-x64"]
checksum = "sha256:6243464a8389e006b9256ee548bc795638f1a17113c1b6669c0e05ce89fd05c5"
url = "https://github.com/axodotdev/cargo-dist/releases/download/v0.32.0/cargo-dist-x86_64-apple-darwin.tar.xz"
url_api = "https://api.github.com/repos/axodotdev/cargo-dist/releases/assets/426804465"
provenance = "github-attestations"

[tools.cargo-dist."platforms.windows-x64"]
checksum = "sha256:26e845cabff12a92911ce960af73a86c8f9b2b2d9072b01dfe5b662acf044fa3"
url = "https://github.com/axodotdev/cargo-dist/releases/download/v0.32.0/cargo-dist-x86_64-pc-windows-msvc.zip"
url_api = "https://api.github.com/repos/axodotdev/cargo-dist/releases/assets/426804467"
provenance = "github-attestations"

[[tools."cargo:https://github.com/codekiln/clilint"]]
version = "rev:200e92a5d76420e8c47fd9e623da704b355dbc7d"
backend = "cargo:https://github.com/codekiln/clilint"

[tools."cargo:https://github.com/codekiln/clilint".options]
bin = "clilint"
crate = "clilint"
locked = "true"

[[tools.node]]
version = "24.14.0"
backend = "core:node"

[tools.node."platforms.linux-arm64"]
checksum = "sha256:f44740cd218de8127f1c44c41510a3a740fa5c9c8d1cdce1c3bedada79f3cde7"
url = "https://nodejs.org/dist/v24.14.0/node-v24.14.0-linux-arm64.tar.gz"

[tools.node."platforms.linux-arm64-musl"]
checksum = "sha256:8f81d47b7f443455709d44eae8669591de2e58b37d3c2cb0aec667b6e6f826c1"
url = "https://unofficial-builds.nodejs.org/download/release/v24.14.0/node-v24.14.0-linux-arm64-musl.tar.gz"

[tools.node."platforms.linux-x64"]
checksum = "sha256:dbf5b8665dec15e59e6359a517fefb47b23fdb9152d8def975b9bca3dfc6d355"
url = "https://nodejs.org/dist/v24.14.0/node-v24.14.0-linux-x64.tar.gz"

[tools.node."platforms.linux-x64-musl"]
checksum = "sha256:bae0f2320448d5c744bcd4878081b483194d8b0f0eaab2b37d7f81df739c5a95"
url = "https://unofficial-builds.nodejs.org/download/release/v24.14.0/node-v24.14.0-linux-x64-musl.tar.gz"

[tools.node."platforms.macos-arm64"]
checksum = "sha256:a1a54f46a750d2523d628d924aab61758a51c9dad3e0238beb14141be9615dd3"
url = "https://nodejs.org/dist/v24.14.0/node-v24.14.0-darwin-arm64.tar.gz"

[tools.node."platforms.macos-x64"]
checksum = "sha256:f2879eb810e25993a0578e5d878930266fd2eafcffe9f2839b3d8db354d4879e"
url = "https://nodejs.org/dist/v24.14.0/node-v24.14.0-darwin-x64.tar.gz"

[tools.node."platforms.windows-x64"]
checksum = "sha256:313fa40c0d7b18575821de8cb17483031fe07d95de5994f6f435f3b345f85c66"
url = "https://nodejs.org/dist/v24.14.0/node-v24.14.0-win-x64.zip"

[[tools."npm:@fission-ai/openspec"]]
version = "1.6.0"
backend = "npm:@fission-ai/openspec"

[[tools."npm:rulesync"]]
version = "9.6.3"
backend = "npm:rulesync"

[[tools.python]]
version = "3.14.3"
backend = "core:python"

[tools.python."platforms.linux-arm64"]
checksum = "sha256:53700338695e402a1a1fe22be4a41fbdacc70e22bb308a48eca8ed67cb7992be"
url = "https://github.com/astral-sh/python-build-standalone/releases/download/20260324/cpython-3.14.3+20260324-aarch64-unknown-linux-gnu-install_only_stripped.tar.gz"
provenance = "github-attestations"

[tools.python."platforms.linux-arm64-musl"]
checksum = "sha256:7e7aac764cfaba6f412cf7417cc34c69e623cd40d39c78435946ca1a4bc52b14"
url = "https://github.com/astral-sh/python-build-standalone/releases/download/20260324/cpython-3.14.3+20260324-aarch64-unknown-linux-musl-install_only_stripped.tar.gz"
provenance = "github-attestations"

[tools.python."platforms.linux-x64"]
checksum = "sha256:d7a9f970914bb4c88756fe3bdcc186d4feb90e9500e54f1db47dae4dc9687e39"
url = "https://github.com/astral-sh/python-build-standalone/releases/download/20260324/cpython-3.14.3+20260324-x86_64-unknown-linux-gnu-install_only_stripped.tar.gz"
provenance = "github-attestations"

[tools.python."platforms.linux-x64-musl"]
checksum = "sha256:c977de62ccfe09a63014546ad1e5c95f157a11594be65df302a88cdcae96fbe7"
url = "https://github.com/astral-sh/python-build-standalone/releases/download/20260324/cpython-3.14.3+20260324-x86_64-unknown-linux-musl-install_only_stripped.tar.gz"
provenance = "github-attestations"

[tools.python."platforms.macos-arm64"]
checksum = "sha256:c43aecde4a663aebff99b9b83da0efec506479f1c3f98331442f33d2c43501f9"
url = "https://github.com/astral-sh/python-build-standalone/releases/download/20260324/cpython-3.14.3+20260324-aarch64-apple-darwin-install_only_stripped.tar.gz"
provenance = "github-attestations"

[tools.python."platforms.macos-x64"]
checksum = "sha256:9ab41dbc2f100a2a45d1833b9c11165f51051c558b5213eda9a9731d5948a0c0"
url = "https://github.com/astral-sh/python-build-standalone/releases/download/20260324/cpython-3.14.3+20260324-x86_64-apple-darwin-install_only_stripped.tar.gz"
provenance = "github-attestations"

[tools.python."platforms.windows-x64"]
checksum = "sha256:bbe19034b35b0267176a7442575ae7dc6343480fd4d35598cb7700173d431e09"
url = "https://github.com/astral-sh/python-build-standalone/releases/download/20260324/cpython-3.14.3+20260324-x86_64-pc-windows-msvc-install_only_stripped.tar.gz"
provenance = "github-attestations"

[[tools.release-plz]]
version = "0.3.159"
backend = "aqua:release-plz/release-plz"

[tools.release-plz."platforms.linux-arm64"]
checksum = "sha256:58b80ecce86ac24cbecf3f4cf37eeb0412583a0adf3a8ae608b6a4eb71737f35"
url = "https://github.com/release-plz/release-plz/releases/download/release-plz-v0.3.159/release-plz-aarch64-unknown-linux-musl.tar.gz"
url_api = "https://api.github.com/repos/release-plz/release-plz/releases/assets/442830780"

[tools.release-plz."platforms.linux-arm64-musl"]
checksum = "sha256:58b80ecce86ac24cbecf3f4cf37eeb0412583a0adf3a8ae608b6a4eb71737f35"
url = "https://github.com/release-plz/release-plz/releases/download/release-plz-v0.3.159/release-plz-aarch64-unknown-linux-musl.tar.gz"
url_api = "https://api.github.com/repos/release-plz/release-plz/releases/assets/442830780"

[tools.release-plz."platforms.linux-x64"]
checksum = "sha256:baeb11c5dd4a3d76971bbd9b48583519d0e0644a5ae60eb666c4f9331598157f"
url = "https://github.com/release-plz/release-plz/releases/download/release-plz-v0.3.159/release-plz-x86_64-unknown-linux-gnu.tar.gz"
url_api = "https://api.github.com/repos/release-plz/release-plz/releases/assets/442829710"

[tools.release-plz."platforms.linux-x64-musl"]
checksum = "sha256:b634dcb4a1b0724e00e924ab50e685704ef2bf8c6ebb809f4ac2ab16ac8458d9"
url = "https://github.com/release-plz/release-plz/releases/download/release-plz-v0.3.159/release-plz-x86_64-unknown-linux-musl.tar.gz"
url_api = "https://api.github.com/repos/release-plz/release-plz/releases/assets/442830250"

[tools.release-plz."platforms.macos-arm64"]
checksum = "sha256:c9ff7e895a018c6d6c1cd62c85d0ff296a8e6dd1647bc816b9251d8056b72e2f"
url = "https://github.com/release-plz/release-plz/releases/download/release-plz-v0.3.159/release-plz-aarch64-apple-darwin.tar.gz"
url_api = "https://api.github.com/repos/release-plz/release-plz/releases/assets/442829894"

[tools.release-plz."platforms.windows-x64"]
checksum = "sha256:cd6d49c63a8800a40599e2f85a488e9c5efbacba6e53e3e45eb71aa02b1b2876"
url = "https://github.com/release-plz/release-plz/releases/download/release-plz-v0.3.159/release-plz-x86_64-pc-windows-msvc.tar.gz"
url_api = "https://api.github.com/repos/release-plz/release-plz/releases/assets/442833961"

[[tools.rust]]
version = "1.97.0"
backend = "core:rust"

[tools.rust.options]
components = "clippy,rustfmt"
profile = "default"

[[tools.usage]]
version = "6.8.0"
backend = "packslip:github.com/jdx/usage"

[tools.usage."platforms.linux-arm64"]
checksum = "sha256:5ac012d6a7a1aaa5049e22afb77c3ec76768c2203d323d6d26a7b494ddccc780"
url = "https://github.com/jdx/usage/releases/download/v6.8.0/usage-aarch64-unknown-linux-gnu.tar.gz"
signer = "sigstore-oidc:https://github.com/jdx/usage/.github/workflows/publish-cli.yml"

[tools.usage."platforms.linux-arm64-musl"]
checksum = "sha256:a9b15be628824117d03d1ca2b7e1a42b5acfd5b8d1a6bfeffaa8256f2616a66e"
url = "https://github.com/jdx/usage/releases/download/v6.8.0/usage-aarch64-unknown-linux-musl.tar.gz"
signer = "sigstore-oidc:https://github.com/jdx/usage/.github/workflows/publish-cli.yml"

[tools.usage."platforms.linux-x64"]
checksum = "sha256:468c27b16302250cf74f2bddb0d0539b958ae3a391d226acc73bdd714c2a18cb"
url = "https://github.com/jdx/usage/releases/download/v6.8.0/usage-x86_64-unknown-linux-gnu.tar.gz"
signer = "sigstore-oidc:https://github.com/jdx/usage/.github/workflows/publish-cli.yml"

[tools.usage."platforms.linux-x64-musl"]
checksum = "sha256:62b44e6d10e636e4ff1e5f56366d84475d8282990a5882499cae658e95b99f32"
url = "https://github.com/jdx/usage/releases/download/v6.8.0/usage-x86_64-unknown-linux-musl.tar.gz"
signer = "sigstore-oidc:https://github.com/jdx/usage/.github/workflows/publish-cli.yml"

[tools.usage."platforms.macos-arm64"]
checksum = "sha256:f6bfe2e5353e02769d3f6902d06db1cb201f84124df08465fd4826f9ce7ba632"
url = "https://github.com/jdx/usage/releases/download/v6.8.0/usage-universal-apple-darwin.tar.gz"
signer = "sigstore-oidc:https://github.com/jdx/usage/.github/workflows/publish-cli.yml"

[tools.usage."platforms.macos-x64"]
checksum = "sha256:f6bfe2e5353e02769d3f6902d06db1cb201f84124df08465fd4826f9ce7ba632"
url = "https://github.com/jdx/usage/releases/download/v6.8.0/usage-universal-apple-darwin.tar.gz"
signer = "sigstore-oidc:https://github.com/jdx/usage/.github/workflows/publish-cli.yml"

[tools.usage."platforms.windows-x64"]
checksum = "sha256:f97cf597bef4a2a643b38abcb02e2d47622e658fccf17fd5d1a97df9fac17b78"
url = "https://github.com/jdx/usage/releases/download/v6.8.0/usage-x86_64-pc-windows-msvc.zip"
signer = "sigstore-oidc:https://github.com/jdx/usage/.github/workflows/publish-cli.yml"
